
Microsoft Visual Studio Solution File, Format Version 12.00
# Visual Studio Version 17
VisualStudioVersion = 17.1.32210.238
MinimumVisualStudioVersion = 10.0.40219.1
Project("{9A19103F-16F7-4668-BE54-9A1E7A4F7556}") = "Arch", "Arch\Arch.csproj", "{90BB0816-4E3D-4AC0-90D9-BA1352912FE7}"
EndProject
Project("{FAE04EC0-301F-11D3-BF4B-00C04F79EFBC}") = "Arch.UnitTests", "Arch.UnitTests\Arch.UnitTests.csproj", "{CDF1AEAB-9775-49E4-BDB0-9640B24C0E15}"
EndProject
Global
	GlobalSection(SolutionConfigurationPlatforms) = preSolution
		Debug|Any CPU = Debug|Any CPU
		Release|Any CPU = Release|Any CPU
	EndGlobalSection
	GlobalSection(ProjectConfigurationPlatforms) = postSolution
		{90BB0816-4E3D-4AC0-90D9-BA1352912FE7}.Debug|Any CPU.ActiveCfg = Debug|Any CPU
		{90BB0816-4E3D-4AC0-90D9-BA1352912FE7}.Debug|Any CPU.Build.0 = Debug|Any CPU
		{90BB0816-4E3D-4AC0-90D9-BA1352912FE7}.Release|Any CPU.ActiveCfg = Release|Any CPU
		{90BB0816-4E3D-4AC0-90D9-BA1352912FE7}.Release|Any CPU.Build.0 = Release|Any CPU
		{CDF1AEAB-9775-49E4-BDB0-9640B24C0E15}.Debug|Any CPU.ActiveCfg = Debug|Any CPU
		{CDF1AEAB-9775-49E4-BDB0-9640B24C0E15}.Debug|Any CPU.Build.0 = Debug|Any CPU
		{CDF1AEAB-9775-49E4-BDB0-9640B24C0E15}.Release|Any CPU.ActiveCfg = Release|Any CPU
		{CDF1AEAB-9775-49E4-BDB0-9640B24C0E15}.Release|Any CPU.Build.0 = Release|Any CPU
	EndGlobalSection
	GlobalSection(SolutionProperties) = preSolution
		HideSolutionNode = FALSE
	EndGlobalSection
	GlobalSection(ExtensibilityGlobals) = postSolution
		SolutionGuid = {9428954C-C09F-4F72-BF2A-6480EBCC500B}
	EndGlobalSection
EndGlobal
